
Microsoft Visual Studio Solution File, Format Version 12.00
# Visual Studio Version 17
VisualStudioVersion = 17.0.31903.59
MinimumVisualStudioVersion = 10.0.40219.1
Project("{2150E333-8FDC-42A3-9474-1A3956D46DE8}") = "src", "src", "{AFA31885-EC56-48E1-A30C-20A33A479817}"
EndProject
Project("{FAE04EC0-301F-11D3-BF4B-00C04F79EFBC}") = "Trading.Domain", "src\Trading.Domain\Trading.Domain.csproj", "{BF830363-049B-4186-B5D0-A1346B04A5F6}"
EndProject
Project("{FAE04EC0-301F-11D3-BF4B-00C04F79EFBC}") = "Trading.Application", "src\Trading.Application\Trading.Application.csproj", "{E666E5D3-0B3F-4FF0-849C-FF96BB6E1A6D}"
EndProject
Project("{FAE04EC0-301F-11D3-BF4B-00C04F79EFBC}") = "Trading.Infrastructure.Data", "src\Trading.Infrastructure.Data\Trading.Infrastructure.Data.csproj", "{6DBB73A2-D85D-4899-9908-B23B0F51571F}"
EndProject
Project("{FAE04EC0-301F-11D3-BF4B-00C04F79EFBC}") = "Trading.Infrastructure.Secrets", "src\Trading.Infrastructure.Secrets\Trading.Infrastructure.Secrets.csproj", "{568235AC-71B2-4335-A375-61092B74895C}"
EndProject
Project("{FAE04EC0-301F-11D3-BF4B-00C04F79EFBC}") = "Trading.Infrastructure.Messaging", "src\Trading.Infrastructure.Messaging\Trading.Infrastructure.Messaging.csproj", "{5327CFFA-3C94-4688-A40F-14D133F7F9B9}"
EndProject
Project("{FAE04EC0-301F-11D3-BF4B-00C04F79EFBC}") = "Trading.Infrastructure.Cache", "src\Trading.Infrastructure.Cache\Trading.Infrastructure.Cache.csproj", "{2EF5C08E-C090-4533-B1C4-112A84C685D1}"
EndProject
Project("{FAE04EC0-301F-11D3-BF4B-00C04F79EFBC}") = "Trading.Exchanges.Abstractions", "src\Trading.Exchanges.Abstractions\Trading.Exchanges.Abstractions.csproj", "{65FF5266-E986-4F9C-8897-FE372915C5C0}"
EndProject
Project("{FAE04EC0-301F-11D3-BF4B-00C04F79EFBC}") = "Trading.Exchanges.Binance", "src\Trading.Exchanges.Binance\Trading.Exchanges.Binance.csproj", "{030DED3F-371E-4803-8C15-53EF2E03AC17}"
EndProject
Project("{FAE04EC0-301F-11D3-BF4B-00C04F79EFBC}") = "Trading.MarketData", "src\Trading.MarketData\Trading.MarketData.csproj", "{515694F7-F9E8-4FCF-B529-9CC86B919FD2}"
EndProject
Project("{FAE04EC0-301F-11D3-BF4B-00C04F79EFBC}") = "Trading.Indicators", "src\Trading.Indicators\Trading.Indicators.csproj", "{E3ED6CE3-18AF-47A1-B8FA-1ACD0FC92CC2}"
EndProject
Project("{FAE04EC0-301F-11D3-BF4B-00C04F79EFBC}") = "Trading.Strategies", "src\Trading.Strategies\Trading.Strategies.csproj", "{70E6D22A-1B31-4236-8637-415E4E800394}"
EndProject
Project("{FAE04EC0-301F-11D3-BF4B-00C04F79EFBC}") = "Trading.Backtesting", "src\Trading.Backtesting\Trading.Backtesting.csproj", "{0C3B1650-90EC-4936-94FD-5CC952131D8F}"
EndProject
Project("{FAE04EC0-301F-11D3-BF4B-00C04F79EFBC}") = "Trading.Optimization", "src\Trading.Optimization\Trading.Optimization.csproj", "{6A4C6741-686A-4E1E-8597-DD9779D98BE4}"
EndProject
Project("{FAE04EC0-301F-11D3-BF4B-00C04F79EFBC}") = "Trading.Risk", "src\Trading.Risk\Trading.Risk.csproj", "{77D702A6-2E3D-4023-A201-82B380C35BFB}"
EndProject
Project("{FAE04EC0-301F-11D3-BF4B-00C04F79EFBC}") = "Trading.Reporting", "src\Trading.Reporting\Trading.Reporting.csproj", "{DED1BE5A-B342-4959-9E74-1DCB1325D860}"
EndProject
Project("{FAE04EC0-301F-11D3-BF4B-00C04F79EFBC}") = "Trading.Web", "src\Trading.Web\Trading.Web.csproj", "{CA536D69-4351-4A93-B30A-8C1511CB1E8D}"
EndProject
Project("{FAE04EC0-301F-11D3-BF4B-00C04F79EFBC}") = "Trading.Workers.MarketData", "src\Trading.Workers.MarketData\Trading.Workers.MarketData.csproj", "{1F26E635-A7CA-4DCC-9FFA-7D84C048A664}"
EndProject
Project("{FAE04EC0-301F-11D3-BF4B-00C04F79EFBC}") = "Trading.Workers.Scanner", "src\Trading.Workers.Scanner\Trading.Workers.Scanner.csproj", "{2A176E02-1884-4A59-AF1E-935201D8FAF8}"
EndProject
Project("{FAE04EC0-301F-11D3-BF4B-00C04F79EFBC}") = "Trading.Workers.Experiments", "src\Trading.Workers.Experiments\Trading.Workers.Experiments.csproj", "{6E459FD8-5227-4653-B743-8A5F58102C3E}"
EndProject
Project("{FAE04EC0-301F-11D3-BF4B-00C04F79EFBC}") = "Trading.Workers.Execution", "src\Trading.Workers.Execution\Trading.Workers.Execution.csproj", "{33886791-A64A-423D-9D04-92DF0DAE56CC}"
EndProject
Project("{2150E333-8FDC-42A3-9474-1A3956D46DE8}") = "tests", "tests", "{DBF80F63-8FFB-4E78-91EC-78DE78FAA13F}"
EndProject
Project("{FAE04EC0-301F-11D3-BF4B-00C04F79EFBC}") = "Trading.ArchitectureTests", "tests\Trading.ArchitectureTests\Trading.ArchitectureTests.csproj", "{132B44A8-3584-4B3F-A273-A8E2593A01BA}"
EndProject
Global
	GlobalSection(SolutionConfigurationPlatforms) = preSolution
		Debug|Any CPU = Debug|Any CPU
		Release|Any CPU = Release|Any CPU
	EndGlobalSection
	GlobalSection(SolutionProperties) = preSolution
		HideSolutionNode = FALSE
	EndGlobalSection
	GlobalSection(ProjectConfigurationPlatforms) = postSolution
		{BF830363-049B-4186-B5D0-A1346B04A5F6}.Debug|Any CPU.ActiveCfg = Debug|Any CPU
		{BF830363-049B-4186-B5D0-A1346B04A5F6}.Debug|Any CPU.Build.0 = Debug|Any CPU
		{BF830363-049B-4186-B5D0-A1346B04A5F6}.Release|Any CPU.ActiveCfg = Release|Any CPU
		{BF830363-049B-4186-B5D0-A1346B04A5F6}.Release|Any CPU.Build.0 = Release|Any CPU
		{E666E5D3-0B3F-4FF0-849C-FF96BB6E1A6D}.Debug|Any CPU.ActiveCfg = Debug|Any CPU
		{E666E5D3-0B3F-4FF0-849C-FF96BB6E1A6D}.Debug|Any CPU.Build.0 = Debug|Any CPU
		{E666E5D3-0B3F-4FF0-849C-FF96BB6E1A6D}.Release|Any CPU.ActiveCfg = Release|Any CPU
		{E666E5D3-0B3F-4FF0-849C-FF96BB6E1A6D}.Release|Any CPU.Build.0 = Release|Any CPU
		{6DBB73A2-D85D-4899-9908-B23B0F51571F}.Debug|Any CPU.ActiveCfg = Debug|Any CPU
		{6DBB73A2-D85D-4899-9908-B23B0F51571F}.Debug|Any CPU.Build.0 = Debug|Any CPU
		{6DBB73A2-D85D-4899-9908-B23B0F51571F}.Release|Any CPU.ActiveCfg = Release|Any CPU
		{6DBB73A2-D85D-4899-9908-B23B0F51571F}.Release|Any CPU.Build.0 = Release|Any CPU
		{568235AC-71B2-4335-A375-61092B74895C}.Debug|Any CPU.ActiveCfg = Debug|Any CPU
		{568235AC-71B2-4335-A375-61092B74895C}.Debug|Any CPU.Build.0 = Debug|Any CPU
		{568235AC-71B2-4335-A375-61092B74895C}.Release|Any CPU.ActiveCfg = Release|Any CPU
		{568235AC-71B2-4335-A375-61092B74895C}.Release|Any CPU.Build.0 = Release|Any CPU
		{5327CFFA-3C94-4688-A40F-14D133F7F9B9}.Debug|Any CPU.ActiveCfg = Debug|Any CPU
		{5327CFFA-3C94-4688-A40F-14D133F7F9B9}.Debug|Any CPU.Build.0 = Debug|Any CPU
		{5327CFFA-3C94-4688-A40F-14D133F7F9B9}.Release|Any CPU.ActiveCfg = Release|Any CPU
		{5327CFFA-3C94-4688-A40F-14D133F7F9B9}.Release|Any CPU.Build.0 = Release|Any CPU
		{2EF5C08E-C090-4533-B1C4-112A84C685D1}.Debug|Any CPU.ActiveCfg = Debug|Any CPU
		{2EF5C08E-C090-4533-B1C4-112A84C685D1}.Debug|Any CPU.Build.0 = Debug|Any CPU
		{2EF5C08E-C090-4533-B1C4-112A84C685D1}.Release|Any CPU.ActiveCfg = Release|Any CPU
		{2EF5C08E-C090-4533-B1C4-112A84C685D1}.Release|Any CPU.Build.0 = Release|Any CPU
		{65FF5266-E986-4F9C-8897-FE372915C5C0}.Debug|Any CPU.ActiveCfg = Debug|Any CPU
		{65FF5266-E986-4F9C-8897-FE372915C5C0}.Debug|Any CPU.Build.0 = Debug|Any CPU
		{65FF5266-E986-4F9C-8897-FE372915C5C0}.Release|Any CPU.ActiveCfg = Release|Any CPU
		{65FF5266-E986-4F9C-8897-FE372915C5C0}.Release|Any CPU.Build.0 = Release|Any CPU
		{030DED3F-371E-4803-8C15-53EF2E03AC17}.Debug|Any CPU.ActiveCfg = Debug|Any CPU
		{030DED3F-371E-4803-8C15-53EF2E03AC17}.Debug|Any CPU.Build.0 = Debug|Any CPU
		{030DED3F-371E-4803-8C15-53EF2E03AC17}.Release|Any CPU.ActiveCfg = Release|Any CPU
		{030DED3F-371E-4803-8C15-53EF2E03AC17}.Release|Any CPU.Build.0 = Release|Any CPU
		{515694F7-F9E8-4FCF-B529-9CC86B919FD2}.Debug|Any CPU.ActiveCfg = Debug|Any CPU
		{515694F7-F9E8-4FCF-B529-9CC86B919FD2}.Debug|Any CPU.Build.0 = Debug|Any CPU
		{515694F7-F9E8-4FCF-B529-9CC86B919FD2}.Release|Any CPU.ActiveCfg = Release|Any CPU
		{515694F7-F9E8-4FCF-B529-9CC86B919FD2}.Release|Any CPU.Build.0 = Release|Any CPU
		{E3ED6CE3-18AF-47A1-B8FA-1ACD0FC92CC2}.Debug|Any CPU.ActiveCfg = Debug|Any CPU
		{E3ED6CE3-18AF-47A1-B8FA-1ACD0FC92CC2}.Debug|Any CPU.Build.0 = Debug|Any CPU
		{E3ED6CE3-18AF-47A1-B8FA-1ACD0FC92CC2}.Release|Any CPU.ActiveCfg = Release|Any CPU
		{E3ED6CE3-18AF-47A1-B8FA-1ACD0FC92CC2}.Release|Any CPU.Build.0 = Release|Any CPU
		{70E6D22A-1B31-4236-8637-415E4E800394}.Debug|Any CPU.ActiveCfg = Debug|Any CPU
		{70E6D22A-1B31-4236-8637-415E4E800394}.Debug|Any CPU.Build.0 = Debug|Any CPU
		{70E6D22A-1B31-4236-8637-415E4E800394}.Release|Any CPU.ActiveCfg = Release|Any CPU
		{70E6D22A-1B31-4236-8637-415E4E800394}.Release|Any CPU.Build.0 = Release|Any CPU
		{0C3B1650-90EC-4936-94FD-5CC952131D8F}.Debug|Any CPU.ActiveCfg = Debug|Any CPU
		{0C3B1650-90EC-4936-94FD-5CC952131D8F}.Debug|Any CPU.Build.0 = Debug|Any CPU
		{0C3B1650-90EC-4936-94FD-5CC952131D8F}.Release|Any CPU.ActiveCfg = Release|Any CPU
		{0C3B1650-90EC-4936-94FD-5CC952131D8F}.Release|Any CPU.Build.0 = Release|Any CPU
		{6A4C6741-686A-4E1E-8597-DD9779D98BE4}.Debug|Any CPU.ActiveCfg = Debug|Any CPU
		{6A4C6741-686A-4E1E-8597-DD9779D98BE4}.Debug|Any CPU.Build.0 = Debug|Any CPU
		{6A4C6741-686A-4E1E-8597-DD9779D98BE4}.Release|Any CPU.ActiveCfg = Release|Any CPU
		{6A4C6741-686A-4E1E-8597-DD9779D98BE4}.Release|Any CPU.Build.0 = Release|Any CPU
		{77D702A6-2E3D-4023-A201-82B380C35BFB}.Debug|Any CPU.ActiveCfg = Debug|Any CPU
		{77D702A6-2E3D-4023-A201-82B380C35BFB}.Debug|Any CPU.Build.0 = Debug|Any CPU
		{77D702A6-2E3D-4023-A201-82B380C35BFB}.Release|Any CPU.ActiveCfg = Release|Any CPU
		{77D702A6-2E3D-4023-A201-82B380C35BFB}.Release|Any CPU.Build.0 = Release|Any CPU
		{DED1BE5A-B342-4959-9E74-1DCB1325D860}.Debug|Any CPU.ActiveCfg = Debug|Any CPU
		{DED1BE5A-B342-4959-9E74-1DCB1325D860}.Debug|Any CPU.Build.0 = Debug|Any CPU
		{DED1BE5A-B342-4959-9E74-1DCB1325D860}.Release|Any CPU.ActiveCfg = Release|Any CPU
		{DED1BE5A-B342-4959-9E74-1DCB1325D860}.Release|Any CPU.Build.0 = Release|Any CPU
		{CA536D69-4351-4A93-B30A-8C1511CB1E8D}.Debug|Any CPU.ActiveCfg = Debug|Any CPU
		{CA536D69-4351-4A93-B30A-8C1511CB1E8D}.Debug|Any CPU.Build.0 = Debug|Any CPU
		{CA536D69-4351-4A93-B30A-8C1511CB1E8D}.Release|Any CPU.ActiveCfg = Release|Any CPU
		{CA536D69-4351-4A93-B30A-8C1511CB1E8D}.Release|Any CPU.Build.0 = Release|Any CPU
		{1F26E635-A7CA-4DCC-9FFA-7D84C048A664}.Debug|Any CPU.ActiveCfg = Debug|Any CPU
		{1F26E635-A7CA-4DCC-9FFA-7D84C048A664}.Debug|Any CPU.Build.0 = Debug|Any CPU
		{1F26E635-A7CA-4DCC-9FFA-7D84C048A664}.Release|Any CPU.ActiveCfg = Release|Any CPU
		{1F26E635-A7CA-4DCC-9FFA-7D84C048A664}.Release|Any CPU.Build.0 = Release|Any CPU
		{2A176E02-1884-4A59-AF1E-935201D8FAF8}.Debug|Any CPU.ActiveCfg = Debug|Any CPU
		{2A176E02-1884-4A59-AF1E-935201D8FAF8}.Debug|Any CPU.Build.0 = Debug|Any CPU
		{2A176E02-1884-4A59-AF1E-935201D8FAF8}.Release|Any CPU.ActiveCfg = Release|Any CPU
		{2A176E02-1884-4A59-AF1E-935201D8FAF8}.Release|Any CPU.Build.0 = Release|Any CPU
		{6E459FD8-5227-4653-B743-8A5F58102C3E}.Debug|Any CPU.ActiveCfg = Debug|Any CPU
		{6E459FD8-5227-4653-B743-8A5F58102C3E}.Debug|Any CPU.Build.0 = Debug|Any CPU
		{6E459FD8-5227-4653-B743-8A5F58102C3E}.Release|Any CPU.ActiveCfg = Release|Any CPU
		{6E459FD8-5227-4653-B743-8A5F58102C3E}.Release|Any CPU.Build.0 = Release|Any CPU
		{33886791-A64A-423D-9D04-92DF0DAE56CC}.Debug|Any CPU.ActiveCfg = Debug|Any CPU
		{33886791-A64A-423D-9D04-92DF0DAE56CC}.Debug|Any CPU.Build.0 = Debug|Any CPU
		{33886791-A64A-423D-9D04-92DF0DAE56CC}.Release|Any CPU.ActiveCfg = Release|Any CPU
		{33886791-A64A-423D-9D04-92DF0DAE56CC}.Release|Any CPU.Build.0 = Release|Any CPU
		{132B44A8-3584-4B3F-A273-A8E2593A01BA}.Debug|Any CPU.ActiveCfg = Debug|Any CPU
		{132B44A8-3584-4B3F-A273-A8E2593A01BA}.Debug|Any CPU.Build.0 = Debug|Any CPU
		{132B44A8-3584-4B3F-A273-A8E2593A01BA}.Release|Any CPU.ActiveCfg = Release|Any CPU
		{132B44A8-3584-4B3F-A273-A8E2593A01BA}.Release|Any CPU.Build.0 = Release|Any CPU
	EndGlobalSection
	GlobalSection(NestedProjects) = preSolution
		{BF830363-049B-4186-B5D0-A1346B04A5F6} = {AFA31885-EC56-48E1-A30C-20A33A479817}
		{E666E5D3-0B3F-4FF0-849C-FF96BB6E1A6D} = {AFA31885-EC56-48E1-A30C-20A33A479817}
		{6DBB73A2-D85D-4899-9908-B23B0F51571F} = {AFA31885-EC56-48E1-A30C-20A33A479817}
		{568235AC-71B2-4335-A375-61092B74895C} = {AFA31885-EC56-48E1-A30C-20A33A479817}
		{5327CFFA-3C94-4688-A40F-14D133F7F9B9} = {AFA31885-EC56-48E1-A30C-20A33A479817}
		{2EF5C08E-C090-4533-B1C4-112A84C685D1} = {AFA31885-EC56-48E1-A30C-20A33A479817}
		{65FF5266-E986-4F9C-8897-FE372915C5C0} = {AFA31885-EC56-48E1-A30C-20A33A479817}
		{030DED3F-371E-4803-8C15-53EF2E03AC17} = {AFA31885-EC56-48E1-A30C-20A33A479817}
		{515694F7-F9E8-4FCF-B529-9CC86B919FD2} = {AFA31885-EC56-48E1-A30C-20A33A479817}
		{E3ED6CE3-18AF-47A1-B8FA-1ACD0FC92CC2} = {AFA31885-EC56-48E1-A30C-20A33A479817}
		{70E6D22A-1B31-4236-8637-415E4E800394} = {AFA31885-EC56-48E1-A30C-20A33A479817}
		{0C3B1650-90EC-4936-94FD-5CC952131D8F} = {AFA31885-EC56-48E1-A30C-20A33A479817}
		{6A4C6741-686A-4E1E-8597-DD9779D98BE4} = {AFA31885-EC56-48E1-A30C-20A33A479817}
		{77D702A6-2E3D-4023-A201-82B380C35BFB} = {AFA31885-EC56-48E1-A30C-20A33A479817}
		{DED1BE5A-B342-4959-9E74-1DCB1325D860} = {AFA31885-EC56-48E1-A30C-20A33A479817}
		{CA536D69-4351-4A93-B30A-8C1511CB1E8D} = {AFA31885-EC56-48E1-A30C-20A33A479817}
		{1F26E635-A7CA-4DCC-9FFA-7D84C048A664} = {AFA31885-EC56-48E1-A30C-20A33A479817}
		{2A176E02-1884-4A59-AF1E-935201D8FAF8} = {AFA31885-EC56-48E1-A30C-20A33A479817}
		{6E459FD8-5227-4653-B743-8A5F58102C3E} = {AFA31885-EC56-48E1-A30C-20A33A479817}
		{33886791-A64A-423D-9D04-92DF0DAE56CC} = {AFA31885-EC56-48E1-A30C-20A33A479817}
		{132B44A8-3584-4B3F-A273-A8E2593A01BA} = {DBF80F63-8FFB-4E78-91EC-78DE78FAA13F}
	EndGlobalSection
EndGlobal
